// !$*UTF8*$!
{
	archiveVersion = 1;
	classes = {
	};
	objectVersion = 52;
	objects = {

/* Begin PBXBuildFile section */
		9543505E26078D80001DA4D5 /* CountryInputView.swift in Sources */ = {isa = PBXBuildFile; fileRef = 9543505D26078D80001DA4D5 /* CountryInputView.swift */; };
		954350722607A722001DA4D5 /* User.swift in Sources */ = {isa = PBXBuildFile; fileRef = 954350712607A722001DA4D5 /* User.swift */; };
		9543FB68260F959F0017C023 /* WelcomingWords.swift in Sources */ = {isa = PBXBuildFile; fileRef = 9543FB67260F959F0017C023 /* WelcomingWords.swift */; };
		9543FB6B260F9DDC0017C023 /* CountrySummary.swift in Sources */ = {isa = PBXBuildFile; fileRef = 9543FB6A260F9DDC0017C023 /* CountrySummary.swift */; };
		9543FB6F260FA2C80017C023 /* IMPageControl.swift in Sources */ = {isa = PBXBuildFile; fileRef = 9543FB6E260FA2C80017C023 /* IMPageControl.swift */; };
		9566AAAE25FE236D000F1A61 /* View+isHidden.swift in Sources */ = {isa = PBXBuildFile; fileRef = 9566AAAD25FE236D000F1A61 /* View+isHidden.swift */; };
		9566AAB325FE25FF000F1A61 /* TitleAndDescriptionView.swift in Sources */ = {isa = PBXBuildFile; fileRef = 9566AAB225FE25FF000F1A61 /* TitleAndDescriptionView.swift */; };
		956E5A3325EC21990029E59A /* ImpactMeterApp.swift in Sources */ = {isa = PBXBuildFile; fileRef = 956E5A3225EC21990029E59A /* ImpactMeterApp.swift */; };
		956E5A3525EC21990029E59A /* StartupCoordinator.swift in Sources */ = {isa = PBXBuildFile; fileRef = 956E5A3425EC21990029E59A /* StartupCoordinator.swift */; };
		956E5A3725EC21990029E59A /* Assets.xcassets in Resources */ = {isa = PBXBuildFile; fileRef = 956E5A3625EC21990029E59A /* Assets.xcassets */; };
		956E5A3A25EC21990029E59A /* Preview Assets.xcassets in Resources */ = {isa = PBXBuildFile; fileRef = 956E5A3925EC21990029E59A /* Preview Assets.xcassets */; };
		956E5A4325EC21A90029E59A /* WelcomeScreen.swift in Sources */ = {isa = PBXBuildFile; fileRef = 956E5A4225EC21A90029E59A /* WelcomeScreen.swift */; };
		956E5A4725ECCAAB0029E59A /* PageManager.swift in Sources */ = {isa = PBXBuildFile; fileRef = 956E5A4625ECCAAB0029E59A /* PageManager.swift */; };
		95BA32212608CEEA007CAF4F /* View+readSize.swift in Sources */ = {isa = PBXBuildFile; fileRef = 95BA32202608CEEA007CAF4F /* View+readSize.swift */; };
		95BA32242608D01F007CAF4F /* FlexibleView.swift in Sources */ = {isa = PBXBuildFile; fileRef = 95BA32232608D01F007CAF4F /* FlexibleView.swift */; };
		95BA32272608D045007CAF4F /* _FlexibleView.swift in Sources */ = {isa = PBXBuildFile; fileRef = 95BA32262608D045007CAF4F /* _FlexibleView.swift */; };
		95BA322C2609C53D007CAF4F /* Introspect in Frameworks */ = {isa = PBXBuildFile; productRef = 95BA322B2609C53D007CAF4F /* Introspect */; };
		95DACDA226072EFA0026EEE4 /* PrimaryTextView.swift in Sources */ = {isa = PBXBuildFile; fileRef = 95DACDA126072EFA0026EEE4 /* PrimaryTextView.swift */; };
		95DACDA5260738B00026EEE4 /* Colors.swift in Sources */ = {isa = PBXBuildFile; fileRef = 95DACDA4260738B00026EEE4 /* Colors.swift */; };
		95DACDA9260772880026EEE4 /* TileView.swift in Sources */ = {isa = PBXBuildFile; fileRef = 95DACDA8260772880026EEE4 /* TileView.swift */; };
		95DACDAD260781810026EEE4 /* TileWallView.swift in Sources */ = {isa = PBXBuildFile; fileRef = 95DACDAC260781810026EEE4 /* TileWallView.swift */; };
		95DACDB1260784700026EEE4 /* Country.swift in Sources */ = {isa = PBXBuildFile; fileRef = 95DACDB0260784700026EEE4 /* Country.swift */; };
		95F0DE87260FBD030087B3F7 /* Onboarding.swift in Sources */ = {isa = PBXBuildFile; fileRef = 95F0DE86260FBD030087B3F7 /* Onboarding.swift */; };
		95F0DE9426106F0D0087B3F7 /* MainTabView.swift in Sources */ = {isa = PBXBuildFile; fileRef = 95F0DE9326106F0D0087B3F7 /* MainTabView.swift */; };
/* End PBXBuildFile section */

/* Begin PBXFileReference section */
		9543505D26078D80001DA4D5 /* CountryInputView.swift */ = {isa = PBXFileReference; lastKnownFileType = sourcecode.swift; path = CountryInputView.swift; sourceTree = "<group>"; };
		954350712607A722001DA4D5 /* User.swift */ = {isa = PBXFileReference; lastKnownFileType = sourcecode.swift; path = User.swift; sourceTree = "<group>"; };
		9543FB67260F959F0017C023 /* WelcomingWords.swift */ = {isa = PBXFileReference; lastKnownFileType = sourcecode.swift; path = WelcomingWords.swift; sourceTree = "<group>"; };
		9543FB6A260F9DDC0017C023 /* CountrySummary.swift */ = {isa = PBXFileReference; lastKnownFileType = sourcecode.swift; path = CountrySummary.swift; sourceTree = "<group>"; };
		9543FB6E260FA2C80017C023 /* IMPageControl.swift */ = {isa = PBXFileReference; lastKnownFileType = sourcecode.swift; path = IMPageControl.swift; sourceTree = "<group>"; };
		9566AAAD25FE236D000F1A61 /* View+isHidden.swift */ = {isa = PBXFileReference; lastKnownFileType = sourcecode.swift; path = "View+isHidden.swift"; sourceTree = "<group>"; };
		9566AAB225FE25FF000F1A61 /* TitleAndDescriptionView.swift */ = {isa = PBXFileReference; lastKnownFileType = sourcecode.swift; path = TitleAndDescriptionView.swift; sourceTree = "<group>"; };
		956E5A2F25EC21990029E59A /* ImpactMeter.app */ = {isa = PBXFileReference; explicitFileType = wrapper.application; includeInIndex = 0; path = ImpactMeter.app; sourceTree = BUILT_PRODUCTS_DIR; };
		956E5A3225EC21990029E59A /* ImpactMeterApp.swift */ = {isa = PBXFileReference; lastKnownFileType = sourcecode.swift; path = ImpactMeterApp.swift; sourceTree = "<group>"; };
		956E5A3425EC21990029E59A /* StartupCoordinator.swift */ = {isa = PBXFileReference; lastKnownFileType = sourcecode.swift; path = StartupCoordinator.swift; sourceTree = "<group>"; };
		956E5A3625EC21990029E59A /* Assets.xcassets */ = {isa = PBXFileReference; lastKnownFileType = folder.assetcatalog; path = Assets.xcassets; sourceTree = "<group>"; };
		956E5A3925EC21990029E59A /* Preview Assets.xcassets */ = {isa = PBXFileReference; lastKnownFileType = folder.assetcatalog; path = "Preview Assets.xcassets"; sourceTree = "<group>"; };
		956E5A3B25EC21990029E59A /* Info.plist */ = {isa = PBXFileReference; lastKnownFileType = text.plist.xml; path = Info.plist; sourceTree = "<group>"; };
		956E5A4225EC21A90029E59A /* WelcomeScreen.swift */ = {isa = PBXFileReference; lastKnownFileType = sourcecode.swift; path = WelcomeScreen.swift; sourceTree = "<group>"; };
		956E5A4625ECCAAB0029E59A /* PageManager.swift */ = {isa = PBXFileReference; lastKnownFileType = sourcecode.swift; path = PageManager.swift; sourceTree = "<group>"; };
		95BA32202608CEEA007CAF4F /* View+readSize.swift */ = {isa = PBXFileReference; lastKnownFileType = sourcecode.swift; path = "View+readSize.swift"; sourceTree = "<group>"; };
		95BA32232608D01F007CAF4F /* FlexibleView.swift */ = {isa = PBXFileReference; lastKnownFileType = sourcecode.swift; path = FlexibleView.swift; sourceTree = "<group>"; };
		95BA32262608D045007CAF4F /* _FlexibleView.swift */ = {isa = PBXFileReference; lastKnownFileType = sourcecode.swift; path = _FlexibleView.swift; sourceTree = "<group>"; };
		95DACDA126072EFA0026EEE4 /* PrimaryTextView.swift */ = {isa = PBXFileReference; lastKnownFileType = sourcecode.swift; path = PrimaryTextView.swift; sourceTree = "<group>"; };
		95DACDA4260738B00026EEE4 /* Colors.swift */ = {isa = PBXFileReference; lastKnownFileType = sourcecode.swift; path = Colors.swift; sourceTree = "<group>"; };
		95DACDA8260772880026EEE4 /* TileView.swift */ = {isa = PBXFileReference; lastKnownFileType = sourcecode.swift; path = TileView.swift; sourceTree = "<group>"; };
		95DACDAC260781810026EEE4 /* TileWallView.swift */ = {isa = PBXFileReference; lastKnownFileType = sourcecode.swift; path = TileWallView.swift; sourceTree = "<group>"; };
		95DACDB0260784700026EEE4 /* Country.swift */ = {isa = PBXFileReference; lastKnownFileType = sourcecode.swift; path = Country.swift; sourceTree = "<group>"; };
		95F0DE86260FBD030087B3F7 /* Onboarding.swift */ = {isa = PBXFileReference; lastKnownFileType = sourcecode.swift; path = Onboarding.swift; sourceTree = "<group>"; };
		95F0DE9326106F0D0087B3F7 /* MainTabView.swift */ = {isa = PBXFileReference; lastKnownFileType = sourcecode.swift; path = MainTabView.swift; sourceTree = "<group>"; };
/* End PBXFileReference section */

/* Begin PBXFrameworksBuildPhase section */
		956E5A2C25EC21990029E59A /* Frameworks */ = {
			isa = PBXFrameworksBuildPhase;
			buildActionMask = 2147483647;
			files = (
				95BA322C2609C53D007CAF4F /* Introspect in Frameworks */,
			);
			runOnlyForDeploymentPostprocessing = 0;
		};
/* End PBXFrameworksBuildPhase section */

/* Begin PBXGroup section */
		954350802607DCA4001DA4D5 /* Welcome */ = {
			isa = PBXGroup;
			children = (
				956E5A3425EC21990029E59A /* StartupCoordinator.swift */,
				9543FB67260F959F0017C023 /* WelcomingWords.swift */,
				956E5A4625ECCAAB0029E59A /* PageManager.swift */,
				956E5A4225EC21A90029E59A /* WelcomeScreen.swift */,
			);
			path = Welcome;
			sourceTree = "<group>";
		};
		954350832607DCFA001DA4D5 /* Onboarding */ = {
			isa = PBXGroup;
			children = (
				9543505D26078D80001DA4D5 /* CountryInputView.swift */,
				9543FB6A260F9DDC0017C023 /* CountrySummary.swift */,
				95F0DE86260FBD030087B3F7 /* Onboarding.swift */,
			);
			path = Onboarding;
			sourceTree = "<group>";
		};
		954350842607DD12001DA4D5 /* Reusable */ = {
			isa = PBXGroup;
			children = (
				95DACDA126072EFA0026EEE4 /* PrimaryTextView.swift */,
				9543FB6E260FA2C80017C023 /* IMPageControl.swift */,
				95DACDAC260781810026EEE4 /* TileWallView.swift */,
				9566AAB225FE25FF000F1A61 /* TitleAndDescriptionView.swift */,
				95DACDA8260772880026EEE4 /* TileView.swift */,
				95BA32232608D01F007CAF4F /* FlexibleView.swift */,
				95BA32262608D045007CAF4F /* _FlexibleView.swift */,
			);
			path = Reusable;
			sourceTree = "<group>";
		};
		9566AAAB25FE2332000F1A61 /* Extensions */ = {
			isa = PBXGroup;
			children = (
				95DACDA4260738B00026EEE4 /* Colors.swift */,
				9566AAAD25FE236D000F1A61 /* View+isHidden.swift */,
				95BA32202608CEEA007CAF4F /* View+readSize.swift */,
			);
			path = Extensions;
			sourceTree = "<group>";
		};
		956E5A2625EC21980029E59A = {
			isa = PBXGroup;
			children = (
				956E5A3125EC21990029E59A /* ImpactMeter */,
				956E5A3025EC21990029E59A /* Products */,
			);
			sourceTree = "<group>";
		};
		956E5A3025EC21990029E59A /* Products */ = {
			isa = PBXGroup;
			children = (
				956E5A2F25EC21990029E59A /* ImpactMeter.app */,
			);
			name = Products;
			sourceTree = "<group>";
		};
		956E5A3125EC21990029E59A /* ImpactMeter */ = {
			isa = PBXGroup;
			children = (
				956E5A3225EC21990029E59A /* ImpactMeterApp.swift */,
				95F0DE9326106F0D0087B3F7 /* MainTabView.swift */,
				95DACDAF260784430026EEE4 /* Models */,
				9566AAAB25FE2332000F1A61 /* Extensions */,
				95DACD9F26072EBC0026EEE4 /* Views */,
				956E5A3625EC21990029E59A /* Assets.xcassets */,
				956E5A3B25EC21990029E59A /* Info.plist */,
				956E5A3825EC21990029E59A /* Preview Content */,
			);
			path = ImpactMeter;
			sourceTree = "<group>";
		};
		956E5A3825EC21990029E59A /* Preview Content */ = {
			isa = PBXGroup;
			children = (
				956E5A3925EC21990029E59A /* Preview Assets.xcassets */,
			);
			path = "Preview Content";
			sourceTree = "<group>";
		};
		95DACD9F26072EBC0026EEE4 /* Views */ = {
			isa = PBXGroup;
			children = (
				954350842607DD12001DA4D5 /* Reusable */,
				954350832607DCFA001DA4D5 /* Onboarding */,
				954350802607DCA4001DA4D5 /* Welcome */,
			);
			path = Views;
			sourceTree = "<group>";
		};
		95DACDAF260784430026EEE4 /* Models */ = {
			isa = PBXGroup;
			children = (
				95DACDB0260784700026EEE4 /* Country.swift */,
				954350712607A722001DA4D5 /* User.swift */,
			);
			path = Models;
			sourceTree = "<group>";
		};
/* End PBXGroup section */

/* Begin PBXNativeTarget section */
		956E5A2E25EC21990029E59A /* ImpactMeter */ = {
			isa = PBXNativeTarget;
			buildConfigurationList = 956E5A3E25EC21990029E59A /* Build configuration list for PBXNativeTarget "ImpactMeter" */;
			buildPhases = (
				956E5A2B25EC21990029E59A /* Sources */,
				956E5A2C25EC21990029E59A /* Frameworks */,
				956E5A2D25EC21990029E59A /* Resources */,
				95F0DE9126105E7C0087B3F7 /* Integrate Woodpecker */,
			);
			buildRules = (
			);
			dependencies = (
			);
			name = ImpactMeter;
			packageProductDependencies = (
				95BA322B2609C53D007CAF4F /* Introspect */,
			);
			productName = ImpactMeter;
			productReference = 956E5A2F25EC21990029E59A /* ImpactMeter.app */;
			productType = "com.apple.product-type.application";
		};
/* End PBXNativeTarget section */

/* Begin PBXProject section */
		956E5A2725EC21980029E59A /* Project object */ = {
			isa = PBXProject;
			attributes = {
				LastSwiftUpdateCheck = 1220;
				LastUpgradeCheck = 1220;
				TargetAttributes = {
					956E5A2E25EC21990029E59A = {
						CreatedOnToolsVersion = 12.2;
					};
				};
			};
			buildConfigurationList = 956E5A2A25EC21980029E59A /* Build configuration list for PBXProject "ImpactMeter" */;
			compatibilityVersion = "Xcode 9.3";
			developmentRegion = en;
			hasScannedForEncodings = 0;
			knownRegions = (
				en,
				Base,
			);
			mainGroup = 956E5A2625EC21980029E59A;
			packageReferences = (
				95BA322A2609C53D007CAF4F /* XCRemoteSwiftPackageReference "SwiftUI-Introspect" */,
			);
			productRefGroup = 956E5A3025EC21990029E59A /* Products */;
			projectDirPath = "";
			projectRoot = "";
			targets = (
				956E5A2E25EC21990029E59A /* ImpactMeter */,
			);
		};
/* End PBXProject section */

/* Begin PBXResourcesBuildPhase section */
		956E5A2D25EC21990029E59A /* Resources */ = {
			isa = PBXResourcesBuildPhase;
			buildActionMask = 2147483647;
			files = (
				956E5A3A25EC21990029E59A /* Preview Assets.xcassets in Resources */,
				956E5A3725EC21990029E59A /* Assets.xcassets in Resources */,
			);
			runOnlyForDeploymentPostprocessing = 0;
		};
/* End PBXResourcesBuildPhase section */

/* Begin PBXShellScriptBuildPhase section */
		95F0DE9126105E7C0087B3F7 /* Integrate Woodpecker */ = {
			isa = PBXShellScriptBuildPhase;
			buildActionMask = 2147483647;
			files = (
			);
			inputFileListPaths = (
			);
			inputPaths = (
			);
			name = "Integrate Woodpecker";
			outputFileListPaths = (
			);
			outputPaths = (
			);
			runOnlyForDeploymentPostprocessing = 0;
			shellPath = /bin/sh;
			shellScript = "# If configuration is not Debug, skip this script.\n[ \"${CONFIGURATION}\" != \"Debug\" ] && exit 0\n\nFRAMEWORK_FILENAME=\"WoodPeckeriOS.framework\"\nFRAMEWORK_PATH=\"${SRCROOT}/WoodPeckeriOS.framework\"\n\nFRAMEWORK_WORKPATH=\"${CODESIGNING_FOLDER_PATH}/Frameworks\"\n\nif [ ! -d \"{FRAMEWORK_WORKPATH}\" ]; then\n    mkdir \"${FRAMEWORK_WORKPATH}\"\nfi\n\nif [ -e \"${FRAMEWORK_PATH}\" ]; then\n    cp -Rf \"$FRAMEWORK_PATH\" \"${FRAMEWORK_WORKPATH}/${FRAMEWORK_FILENAME}\"\n    if [ -n \"${EXPANDED_CODE_SIGN_IDENTITY}\" ]; then\n        codesign -fs \"${EXPANDED_CODE_SIGN_IDENTITY}\" \"${FRAMEWORK_WORKPATH}/${FRAMEWORK_FILENAME}\"\n    fi\n    echo \"${FRAMEWORK_FILENAME} is included in this build, and has been copied to $CODESIGNING_FOLDER_PATH\"\nelse\n    echo \"${FRAMEWORK_FILENAME} could not be found.\"\nfi\n";
		};
/* End PBXShellScriptBuildPhase section */

/* Begin PBXSourcesBuildPhase section */
		956E5A2B25EC21990029E59A /* Sources */ = {
			isa = PBXSourcesBuildPhase;
			buildActionMask = 2147483647;
			files = (
				9543FB6F260FA2C80017C023 /* IMPageControl.swift in Sources */,
				954350722607A722001DA4D5 /* User.swift in Sources */,
				95F0DE87260FBD030087B3F7 /* Onboarding.swift in Sources */,
				9543FB68260F959F0017C023 /* WelcomingWords.swift in Sources */,
				95DACDA226072EFA0026EEE4 /* PrimaryTextView.swift in Sources */,
				95DACDA5260738B00026EEE4 /* Colors.swift in Sources */,
				95BA32272608D045007CAF4F /* _FlexibleView.swift in Sources */,
				9566AAAE25FE236D000F1A61 /* View+isHidden.swift in Sources */,
				956E5A4725ECCAAB0029E59A /* PageManager.swift in Sources */,
				95DACDA9260772880026EEE4 /* TileView.swift in Sources */,
				956E5A4325EC21A90029E59A /* WelcomeScreen.swift in Sources */,
				95F0DE9426106F0D0087B3F7 /* MainTabView.swift in Sources */,
				9543FB6B260F9DDC0017C023 /* CountrySummary.swift in Sources */,
				95BA32212608CEEA007CAF4F /* View+readSize.swift in Sources */,
				9566AAB325FE25FF000F1A61 /* TitleAndDescriptionView.swift in Sources */,
				95DACDB1260784700026EEE4 /* Country.swift in Sources */,
				95BA32242608D01F007CAF4F /* FlexibleView.swift in Sources */,
				9543505E26078D80001DA4D5 /* CountryInputView.swift in Sources */,
				956E5A3525EC21990029E59A /* StartupCoordinator.swift in Sources */,
				95DACDAD260781810026EEE4 /* TileWallView.swift in Sources */,
				956E5A3325EC21990029E59A /* ImpactMeterApp.swift in Sources */,
			);
			runOnlyForDeploymentPostprocessing = 0;
		};
/* End PBXSourcesBuildPhase section */

/* Begin XCBuildConfiguration section */
		956E5A3C25EC21990029E59A /* Debug */ = {
			isa = XCBuildConfiguration;
			buildSettings = {
				ALWAYS_SEARCH_USER_PATHS = NO;
				CLANG_ANALYZER_NONNULL = YES;
				CLANG_ANALYZER_NUMBER_OBJECT_CONVERSION = YES_AGGRESSIVE;
				CLANG_CXX_LANGUAGE_STANDARD = "gnu++14";
				CLANG_CXX_LIBRARY = "libc++";
				CLANG_ENABLE_MODULES = YES;
				CLANG_ENABLE_OBJC_ARC = YES;
				CLANG_ENABLE_OBJC_WEAK = YES;
				CLANG_WARN_BLOCK_CAPTURE_AUTORELEASING = YES;
				CLANG_WARN_BOOL_CONVERSION = YES;
				CLANG_WARN_COMMA = YES;
				CLANG_WARN_CONSTANT_CONVERSION = YES;
				CLANG_WARN_DEPRECATED_OBJC_IMPLEMENTATIONS = YES;
				CLANG_WARN_DIRECT_OBJC_ISA_USAGE = YES_ERROR;
				CLANG_WARN_DOCUMENTATION_COMMENTS = YES;
				CLANG_WARN_EMPTY_BODY = YES;
				CLANG_WARN_ENUM_CONVERSION = YES;
				CLANG_WARN_INFINITE_RECURSION = YES;
				CLANG_WARN_INT_CONVERSION = YES;
				CLANG_WARN_NON_LITERAL_NULL_CONVERSION = YES;
				CLANG_WARN_OBJC_IMPLICIT_RETAIN_SELF = YES;
				CLANG_WARN_OBJC_LITERAL_CONVERSION = YES;
				CLANG_WARN_OBJC_ROOT_CLASS = YES_ERROR;
				CLANG_WARN_QUOTED_INCLUDE_IN_FRAMEWORK_HEADER = YES;
				CLANG_WARN_RANGE_LOOP_ANALYSIS = YES;
				CLANG_WARN_STRICT_PROTOTYPES = YES;
				CLANG_WARN_SUSPICIOUS_MOVE = YES;
				CLANG_WARN_UNGUARDED_AVAILABILITY = YES_AGGRESSIVE;
				CLANG_WARN_UNREACHABLE_CODE = YES;
				CLANG_WARN__DUPLICATE_METHOD_MATCH = YES;
				COPY_PHASE_STRIP = NO;
				DEBUG_INFORMATION_FORMAT = dwarf;
				ENABLE_STRICT_OBJC_MSGSEND = YES;
				ENABLE_TESTABILITY = YES;
				GCC_C_LANGUAGE_STANDARD = gnu11;
				GCC_DYNAMIC_NO_PIC = NO;
				GCC_NO_COMMON_BLOCKS = YES;
				GCC_OPTIMIZATION_LEVEL = 0;
				GCC_PREPROCESSOR_DEFINITIONS = (
					"DEBUG=1",
					"$(inherited)",
				);
				GCC_WARN_64_TO_32_BIT_CONVERSION = YES;
				GCC_WARN_ABOUT_RETURN_TYPE = YES_ERROR;
				GCC_WARN_UNDECLARED_SELECTOR = YES;
				GCC_WARN_UNINITIALIZED_AUTOS = YES_AGGRESSIVE;
				GCC_WARN_UNUSED_FUNCTION = YES;
				GCC_WARN_UNUSED_VARIABLE = YES;
				IPHONEOS_DEPLOYMENT_TARGET = 14.2;
				MTL_ENABLE_DEBUG_INFO = INCLUDE_SOURCE;
				MTL_FAST_MATH = YES;
				ONLY_ACTIVE_ARCH = YES;
				SDKROOT = iphoneos;
				SWIFT_ACTIVE_COMPILATION_CONDITIONS = DEBUG;
				SWIFT_OPTIMIZATION_LEVEL = "-Onone";
			};
			name = Debug;
		};
		956E5A3D25EC21990029E59A /* Release */ = {
			isa = XCBuildConfiguration;
			buildSettings = {
				ALWAYS_SEARCH_USER_PATHS = NO;
				CLANG_ANALYZER_NONNULL = YES;
				CLANG_ANALYZER_NUMBER_OBJECT_CONVERSION = YES_AGGRESSIVE;
				CLANG_CXX_LANGUAGE_STANDARD = "gnu++14";
				CLANG_CXX_LIBRARY = "libc++";
				CLANG_ENABLE_MODULES = YES;
				CLANG_ENABLE_OBJC_ARC = YES;
				CLANG_ENABLE_OBJC_WEAK = YES;
				CLANG_WARN_BLOCK_CAPTURE_AUTORELEASING = YES;
				CLANG_WARN_BOOL_CONVERSION = YES;
				CLANG_WARN_COMMA = YES;
				CLANG_WARN_CONSTANT_CONVERSION = YES;
				CLANG_WARN_DEPRECATED_OBJC_IMPLEMENTATIONS = YES;
				CLANG_WARN_DIRECT_OBJC_ISA_USAGE = YES_ERROR;
				CLANG_WARN_DOCUMENTATION_COMMENTS = YES;
				CLANG_WARN_EMPTY_BODY = YES;
				CLANG_WARN_ENUM_CONVERSION = YES;
				CLANG_WARN_INFINITE_RECURSION = YES;
				CLANG_WARN_INT_CONVERSION = YES;
				CLANG_WARN_NON_LITERAL_NULL_CONVERSION = YES;
				CLANG_WARN_OBJC_IMPLICIT_RETAIN_SELF = YES;
				CLANG_WARN_OBJC_LITERAL_CONVERSION = YES;
				CLANG_WARN_OBJC_ROOT_CLASS = YES_ERROR;
				CLANG_WARN_QUOTED_INCLUDE_IN_FRAMEWORK_HEADER = YES;
				CLANG_WARN_RANGE_LOOP_ANALYSIS = YES;
				CLANG_WARN_STRICT_PROTOTYPES = YES;
				CLANG_WARN_SUSPICIOUS_MOVE = YES;
				CLANG_WARN_UNGUARDED_AVAILABILITY = YES_AGGRESSIVE;
				CLANG_WARN_UNREACHABLE_CODE = YES;
				CLANG_WARN__DUPLICATE_METHOD_MATCH = YES;
				COPY_PHASE_STRIP = NO;
				DEBUG_INFORMATION_FORMAT = "dwarf-with-dsym";
				ENABLE_NS_ASSERTIONS = NO;
				ENABLE_STRICT_OBJC_MSGSEND = YES;
				GCC_C_LANGUAGE_STANDARD = gnu11;
				GCC_NO_COMMON_BLOCKS = YES;
				GCC_WARN_64_TO_32_BIT_CONVERSION = YES;
				GCC_WARN_ABOUT_RETURN_TYPE = YES_ERROR;
				GCC_WARN_UNDECLARED_SELECTOR = YES;
				GCC_WARN_UNINITIALIZED_AUTOS = YES_AGGRESSIVE;
				GCC_WARN_UNUSED_FUNCTION = YES;
				GCC_WARN_UNUSED_VARIABLE = YES;
				IPHONEOS_DEPLOYMENT_TARGET = 14.2;
				MTL_ENABLE_DEBUG_INFO = NO;
				MTL_FAST_MATH = YES;
				SDKROOT = iphoneos;
				SWIFT_COMPILATION_MODE = wholemodule;
				SWIFT_OPTIMIZATION_LEVEL = "-O";
				VALIDATE_PRODUCT = YES;
			};
			name = Release;
		};
		956E5A3F25EC21990029E59A /* Debug */ = {
			isa = XCBuildConfiguration;
			buildSettings = {
				ASSETCATALOG_COMPILER_APPICON_NAME = AppIcon;
				ASSETCATALOG_COMPILER_GLOBAL_ACCENT_COLOR_NAME = AccentColor;
				CODE_SIGN_IDENTITY = "Apple Development";
				CODE_SIGN_STYLE = Automatic;
				CURRENT_PROJECT_VERSION = 9;
				DEVELOPMENT_ASSET_PATHS = "\"ImpactMeter/Preview Content\"";
				DEVELOPMENT_TEAM = 8MT7DH3FAZ;
				ENABLE_PREVIEWS = YES;
				"FRAMEWORK_SEARCH_PATHS[arch=*]" = (
					"$(inherited)",
					"$(SRCROOT)",
				);
				INFOPLIST_FILE = ImpactMeter/Info.plist;
				IPHONEOS_DEPLOYMENT_TARGET = 14.0;
				LD_RUNPATH_SEARCH_PATHS = (
					"$(inherited)",
					"@executable_path/Frameworks",
				);
				"OTHER_LDFLAGS[arch=*]" = (
					"-ObjC",
					"-weak_framework",
					WoodPeckeriOS,
				);
				PRODUCT_BUNDLE_IDENTIFIER = "com.jesus-rod.ImpactMeter";
				PRODUCT_NAME = "$(TARGET_NAME)";
				PROVISIONING_PROFILE_SPECIFIER = "";
				SWIFT_VERSION = 5.0;
				TARGETED_DEVICE_FAMILY = "1,2";
			};
			name = Debug;
		};
		956E5A4025EC21990029E59A /* Release */ = {
			isa = XCBuildConfiguration;
			buildSettings = {
				ASSETCATALOG_COMPILER_APPICON_NAME = AppIcon;
				ASSETCATALOG_COMPILER_GLOBAL_ACCENT_COLOR_NAME = AccentColor;
				CODE_SIGN_IDENTITY = "Apple Development";
				CODE_SIGN_STYLE = Automatic;
				CURRENT_PROJECT_VERSION = 9;
				DEVELOPMENT_ASSET_PATHS = "\"ImpactMeter/Preview Content\"";
				DEVELOPMENT_TEAM = 8MT7DH3FAZ;
				ENABLE_PREVIEWS = YES;
				INFOPLIST_FILE = ImpactMeter/Info.plist;
				IPHONEOS_DEPLOYMENT_TARGET = 14.0;
				LD_RUNPATH_SEARCH_PATHS = (
					"$(inherited)",
					"@executable_path/Frameworks",
				);
				PRODUCT_BUNDLE_IDENTIFIER = "com.jesus-rod.ImpactMeter";
				PRODUCT_NAME = "$(TARGET_NAME)";
				PROVISIONING_PROFILE_SPECIFIER = "";
				SWIFT_VERSION = 5.0;
				TARGETED_DEVICE_FAMILY = "1,2";
			};
			name = Release;
		};
/* End XCBuildConfiguration section */

/* Begin XCConfigurationList section */
		956E5A2A25EC21980029E59A /* Build configuration list for PBXProject "ImpactMeter" */ = {
			isa = XCConfigurationList;
			buildConfigurations = (
				956E5A3C25EC21990029E59A /* Debug */,
				956E5A3D25EC21990029E59A /* Release */,
			);
			defaultConfigurationIsVisible = 0;
			defaultConfigurationName = Release;
		};
		956E5A3E25EC21990029E59A /* Build configuration list for PBXNativeTarget "ImpactMeter" */ = {
			isa = XCConfigurationList;
			buildConfigurations = (
				956E5A3F25EC21990029E59A /* Debug */,
				956E5A4025EC21990029E59A /* Release */,
			);
			defaultConfigurationIsVisible = 0;
			defaultConfigurationName = Release;
		};
/* End XCConfigurationList section */

/* Begin XCRemoteSwiftPackageReference section */
		95BA322A2609C53D007CAF4F /* XCRemoteSwiftPackageReference "SwiftUI-Introspect" */ = {
			isa = XCRemoteSwiftPackageReference;
			repositoryURL = "https://github.com/siteline/SwiftUI-Introspect.git";
			requirement = {
				kind = upToNextMajorVersion;
				minimumVersion = 0.1.3;
			};
		};
/* End XCRemoteSwiftPackageReference section */

/* Begin XCSwiftPackageProductDependency section */
		95BA322B2609C53D007CAF4F /* Introspect */ = {
			isa = XCSwiftPackageProductDependency;
			package = 95BA322A2609C53D007CAF4F /* XCRemoteSwiftPackageReference "SwiftUI-Introspect" */;
			productName = Introspect;
		};
/* End XCSwiftPackageProductDependency section */
	};
	rootObject = 956E5A2725EC21980029E59A /* Project object */;
}
